
Microsoft Visual Studio Solution File, Format Version 12.00
# Visual Studio Version 17
VisualStudioVersion = 17.12.35514.174
MinimumVisualStudioVersion = 10.0.40219.1
Project("{8BC9CEB8-8B4A-11D0-8D11-00A0C91BC942}") = "Seismic-AntiCheat-Solutions", "Seismic-AntiCheat-Solutions.vcxproj", "{60F21032-0925-4A2C-9FF9-A5712D7F0911}"
EndProject
Project("{8BC9CEB8-8B4A-11D0-8D11-00A0C91BC942}") = "SDK", "Client\SDK\SDK.vcxproj", "{E66A1DF7-ED1E-4171-82B0-77FF8A975BF2}"
EndProject
Project("{8BC9CEB8-8B4A-11D0-8D11-00A0C91BC942}") = "Logging", "Client\Logging\Logging.vcxproj", "{CEB6C330-45DD-4B8F-8F23-F926F98060C7}"
EndProject
Project("{8BC9CEB8-8B4A-11D0-8D11-00A0C91BC942}") = "Engine", "Client\Engine\Engine.vcxproj", "{AD52C3B9-B211-499A-AB63-D53E67E6995B}"
EndProject
Project("{8BC9CEB8-8B4A-11D0-8D11-00A0C91BC942}") = "Communication", "Client\Communication\Communication.vcxproj", "{F9500206-0045-4CAA-887D-031697D36009}"
EndProject
Project("{8BC9CEB8-8B4A-11D0-8D11-00A0C91BC942}") = "Launcher", "Client\Launcher\Launcher.vcxproj", "{C5F848BE-5579-4482-8DBA-550468A90724}"
EndProject
Global
	GlobalSection(SolutionConfigurationPlatforms) = preSolution
		Debug|x64 = Debug|x64
		Debug|x86 = Debug|x86
		Release|x64 = Release|x64
		Release|x86 = Release|x86
	EndGlobalSection
	GlobalSection(ProjectConfigurationPlatforms) = postSolution
		{60F21032-0925-4A2C-9FF9-A5712D7F0911}.Debug|x64.ActiveCfg = Debug|x64
		{60F21032-0925-4A2C-9FF9-A5712D7F0911}.Debug|x64.Build.0 = Debug|x64
		{60F21032-0925-4A2C-9FF9-A5712D7F0911}.Debug|x86.ActiveCfg = Debug|Win32
		{60F21032-0925-4A2C-9FF9-A5712D7F0911}.Debug|x86.Build.0 = Debug|Win32
		{60F21032-0925-4A2C-9FF9-A5712D7F0911}.Release|x64.ActiveCfg = Release|x64
		{60F21032-0925-4A2C-9FF9-A5712D7F0911}.Release|x64.Build.0 = Release|x64
		{60F21032-0925-4A2C-9FF9-A5712D7F0911}.Release|x86.ActiveCfg = Release|Win32
		{60F21032-0925-4A2C-9FF9-A5712D7F0911}.Release|x86.Build.0 = Release|Win32
		{E66A1DF7-ED1E-4171-82B0-77FF8A975BF2}.Debug|x64.ActiveCfg = Debug|x64
		{E66A1DF7-ED1E-4171-82B0-77FF8A975BF2}.Debug|x64.Build.0 = Debug|x64
		{E66A1DF7-ED1E-4171-82B0-77FF8A975BF2}.Debug|x86.ActiveCfg = Debug|Win32
		{E66A1DF7-ED1E-4171-82B0-77FF8A975BF2}.Debug|x86.Build.0 = Debug|Win32
		{E66A1DF7-ED1E-4171-82B0-77FF8A975BF2}.Release|x64.ActiveCfg = Release|x64
		{E66A1DF7-ED1E-4171-82B0-77FF8A975BF2}.Release|x64.Build.0 = Release|x64
		{E66A1DF7-ED1E-4171-82B0-77FF8A975BF2}.Release|x86.ActiveCfg = Release|Win32
		{E66A1DF7-ED1E-4171-82B0-77FF8A975BF2}.Release|x86.Build.0 = Release|Win32
		{CEB6C330-45DD-4B8F-8F23-F926F98060C7}.Debug|x64.ActiveCfg = Debug|x64
		{CEB6C330-45DD-4B8F-8F23-F926F98060C7}.Debug|x64.Build.0 = Debug|x64
		{CEB6C330-45DD-4B8F-8F23-F926F98060C7}.Debug|x86.ActiveCfg = Debug|Win32
		{CEB6C330-45DD-4B8F-8F23-F926F98060C7}.Debug|x86.Build.0 = Debug|Win32
		{CEB6C330-45DD-4B8F-8F23-F926F98060C7}.Release|x64.ActiveCfg = Release|x64
		{CEB6C330-45DD-4B8F-8F23-F926F98060C7}.Release|x64.Build.0 = Release|x64
		{CEB6C330-45DD-4B8F-8F23-F926F98060C7}.Release|x86.ActiveCfg = Release|Win32
		{CEB6C330-45DD-4B8F-8F23-F926F98060C7}.Release|x86.Build.0 = Release|Win32
		{AD52C3B9-B211-499A-AB63-D53E67E6995B}.Debug|x64.ActiveCfg = Debug|x64
		{AD52C3B9-B211-499A-AB63-D53E67E6995B}.Debug|x64.Build.0 = Debug|x64
		{AD52C3B9-B211-499A-AB63-D53E67E6995B}.Debug|x86.ActiveCfg = Debug|Win32
		{AD52C3B9-B211-499A-AB63-D53E67E6995B}.Debug|x86.Build.0 = Debug|Win32
		{AD52C3B9-B211-499A-AB63-D53E67E6995B}.Release|x64.ActiveCfg = Release|x64
		{AD52C3B9-B211-499A-AB63-D53E67E6995B}.Release|x64.Build.0 = Release|x64
		{AD52C3B9-B211-499A-AB63-D53E67E6995B}.Release|x86.ActiveCfg = Release|Win32
		{AD52C3B9-B211-499A-AB63-D53E67E6995B}.Release|x86.Build.0 = Release|Win32
		{F9500206-0045-4CAA-887D-031697D36009}.Debug|x64.ActiveCfg = Debug|x64
		{F9500206-0045-4CAA-887D-031697D36009}.Debug|x64.Build.0 = Debug|x64
		{F9500206-0045-4CAA-887D-031697D36009}.Debug|x86.ActiveCfg = Debug|Win32
		{F9500206-0045-4CAA-887D-031697D36009}.Debug|x86.Build.0 = Debug|Win32
		{F9500206-0045-4CAA-887D-031697D36009}.Release|x64.ActiveCfg = Release|x64
		{F9500206-0045-4CAA-887D-031697D36009}.Release|x64.Build.0 = Release|x64
		{F9500206-0045-4CAA-887D-031697D36009}.Release|x86.ActiveCfg = Release|Win32
		{F9500206-0045-4CAA-887D-031697D36009}.Release|x86.Build.0 = Release|Win32
		{C5F848BE-5579-4482-8DBA-550468A90724}.Debug|x64.ActiveCfg = Debug|x64
		{C5F848BE-5579-4482-8DBA-550468A90724}.Debug|x64.Build.0 = Debug|x64
		{C5F848BE-5579-4482-8DBA-550468A90724}.Debug|x86.ActiveCfg = Debug|Win32
		{C5F848BE-5579-4482-8DBA-550468A90724}.Debug|x86.Build.0 = Debug|Win32
		{C5F848BE-5579-4482-8DBA-550468A90724}.Release|x64.ActiveCfg = Release|x64
		{C5F848BE-5579-4482-8DBA-550468A90724}.Release|x64.Build.0 = Release|x64
		{C5F848BE-5579-4482-8DBA-550468A90724}.Release|x86.ActiveCfg = Release|Win32
		{C5F848BE-5579-4482-8DBA-550468A90724}.Release|x86.Build.0 = Release|Win32
	EndGlobalSection
	GlobalSection(SolutionProperties) = preSolution
		HideSolutionNode = FALSE
	EndGlobalSection
EndGlobal
